
Microsoft Visual Studio Solution File, Format Version 12.00
# Visual Studio 15
VisualStudioVersion = 15.0.27703.2035
MinimumVisualStudioVersion = 10.0.40219.1
Project("{2150E333-8FDC-42A3-9474-1A3956D46DE8}") = "Solution Items", "Solution Items", "{D849ECD4-833E-4BC5-8F53-2A4E9EFEF898}"
	ProjectSection(SolutionItems) = preProject
		.editorconfig = .editorconfig
		.gitattributes = .gitattributes
		.gitignore = .gitignore
		README.md = README.md
	EndProjectSection
EndProject
Project("{FAE04EC0-301F-11D3-BF4B-00C04F79EFBC}") = "BankApp", "src\BankApp.csproj", "{D95E9197-A3B4-4712-9D68-A26D08310F68}"
EndProject
Project("{FAE04EC0-301F-11D3-BF4B-00C04F79EFBC}") = "BankApp.Tests", "test\BankApp.Tests.csproj", "{C1C69817-849B-40F2-8A6D-2BE4497D0469}"
EndProject
Global
	GlobalSection(SolutionConfigurationPlatforms) = preSolution
		Debug|Any CPU = Debug|Any CPU
		Release|Any CPU = Release|Any CPU
	EndGlobalSection
	GlobalSection(ProjectConfigurationPlatforms) = postSolution
		{D95E9197-A3B4-4712-9D68-A26D08310F68}.Debug|Any CPU.ActiveCfg = Debug|Any CPU
		{D95E9197-A3B4-4712-9D68-A26D08310F68}.Debug|Any CPU.Build.0 = Debug|Any CPU
		{D95E9197-A3B4-4712-9D68-A26D08310F68}.Release|Any CPU.ActiveCfg = Release|Any CPU
		{D95E9197-A3B4-4712-9D68-A26D08310F68}.Release|Any CPU.Build.0 = Release|Any CPU
		{C1C69817-849B-40F2-8A6D-2BE4497D0469}.Debug|Any CPU.ActiveCfg = Debug|Any CPU
		{C1C69817-849B-40F2-8A6D-2BE4497D0469}.Debug|Any CPU.Build.0 = Debug|Any CPU
		{C1C69817-849B-40F2-8A6D-2BE4497D0469}.Release|Any CPU.ActiveCfg = Release|Any CPU
		{C1C69817-849B-40F2-8A6D-2BE4497D0469}.Release|Any CPU.Build.0 = Release|Any CPU
	EndGlobalSection
	GlobalSection(SolutionProperties) = preSolution
		HideSolutionNode = FALSE
	EndGlobalSection
	GlobalSection(ExtensibilityGlobals) = postSolution
		SolutionGuid = {E583427E-D632-451F-85AE-3F181DD8409E}
	EndGlobalSection
EndGlobal
